
Microsoft Visual Studio Solution File, Format Version 12.00
# Visual Studio Version 17
VisualStudioVersion = 17.2.32526.322
MinimumVisualStudioVersion = 10.0.40219.1
Project("{9A19103F-16F7-4668-BE54-9A1E7A4F7556}") = "Estreya.BlishHUD.TradingPostWatcher", "Estreya.BlishHUD.TradingPostWatcher\Estreya.BlishHUD.TradingPostWatcher.csproj", "{761C8939-3381-42C9-B80E-F96FA68DDB96}"
EndProject
Project("{9A19103F-16F7-4668-BE54-9A1E7A4F7556}") = "Estreya.BlishHUD.ScrollingCombatText", "Estreya.BlishHUD.ScrollingCombatText\Estreya.BlishHUD.ScrollingCombatText.csproj", "{56562B80-5271-4DA2-A1E5-E8C5AECDA6C0}"
EndProject
Project("{9A19103F-16F7-4668-BE54-9A1E7A4F7556}") = "Estreya.BlishHUD.EventTable", "Estreya.BlishHUD.EventTable\Estreya.BlishHUD.EventTable.csproj", "{0091D360-87B6-490E-8133-F510C502065D}"
EndProject
Project("{9A19103F-16F7-4668-BE54-9A1E7A4F7556}") = "Estreya.BlishHUD.LiveMap", "Estreya.BlishHUD.LiveMap\Estreya.BlishHUD.LiveMap.csproj", "{413917E8-4CC0-4279-AAF8-7466F554C9DE}"
EndProject
Project("{D954291E-2A0B-460D-934E-DC6B0785DB48}") = "Estreya.BlishHUD.Shared", "Estreya.BlishHUD.Shared\Estreya.BlishHUD.Shared.shproj", "{59FB4D68-F75F-49D1-8231-BA56266BCBE4}"
EndProject
Project("{9A19103F-16F7-4668-BE54-9A1E7A4F7556}") = "Estreya.BlishHUD.WebhookUpdater", "Estreya.BlishHUD.WebhookUpdater\Estreya.BlishHUD.WebhookUpdater.csproj", "{A2961446-BC00-43B4-8935-AA93918D6F36}"
EndProject
Project("{9A19103F-16F7-4668-BE54-9A1E7A4F7556}") = "Estreya.BlishHUD.FoodReminder", "Estreya.BlishHUD.FoodReminder\Estreya.BlishHUD.FoodReminder.csproj", "{CC021313-361F-40A6-9931-CBFE9F013348}"
EndProject
Project("{9A19103F-16F7-4668-BE54-9A1E7A4F7556}") = "Estreya.BlishHUD.ArcDPSLogManager", "Estreya.BlishHUD.ArcDPSLogManager\Estreya.BlishHUD.ArcDPSLogManager.csproj", "{36715B11-F3A1-485D-8697-6462A85F609D}"
EndProject
Project("{9A19103F-16F7-4668-BE54-9A1E7A4F7556}") = "Estreya.BlishHUD.UniversalSearch", "Estreya.BlishHUD.UniversalSearch\Estreya.BlishHUD.UniversalSearch.csproj", "{A4536EF3-88BB-4DAE-930E-AB37DB2C37F9}"
EndProject
Project("{9A19103F-16F7-4668-BE54-9A1E7A4F7556}") = "Estreya.BlishHUD.LookingForGroup", "Estreya.BlishHUD.LookingForGroup\Estreya.BlishHUD.LookingForGroup.csproj", "{776AE5F6-0902-4BB3-B177-A554D312F4B5}"
EndProject
Project("{9A19103F-16F7-4668-BE54-9A1E7A4F7556}") = "Estreya.BlishHUD.Browser", "Estreya.BlishHUD.Browser\Estreya.BlishHUD.Browser.csproj", "{94DACFCA-B59A-42BD-9166-9975662B70BE}"
EndProject
Project("{9A19103F-16F7-4668-BE54-9A1E7A4F7556}") = "Estreya.BlishHUD.ValuableItems", "Estreya.BlishHUD.ValuableItems\Estreya.BlishHUD.ValuableItems.csproj", "{97516C35-E95E-4494-940A-4023DB0C0140}"
EndProject
Project("{9A19103F-16F7-4668-BE54-9A1E7A4F7556}") = "Estreya.BlishHUD.Automations", "Estreya.BlishHUD.Automations\Estreya.BlishHUD.Automations.csproj", "{DC5B6418-CE6E-4014-B9CF-912D506B2563}"
EndProject
Project("{9A19103F-16F7-4668-BE54-9A1E7A4F7556}") = "Estreya.BlishHUD.PortalDistance", "Estreya.BlishHUD.PortalDistance\Estreya.BlishHUD.PortalDistance.csproj", "{F1B517F4-7091-49B6-B76F-F48A01CDC5DA}"
EndProject
Project("{9A19103F-16F7-4668-BE54-9A1E7A4F7556}") = "Estreya.BlishHUD.StartupNotifications", "Estreya.BlishHUD.StartupNotifications\Estreya.BlishHUD.StartupNotifications.csproj", "{796E99E8-0983-4861-8900-27C8B8B44A65}"
EndProject
Project("{9A19103F-16F7-4668-BE54-9A1E7A4F7556}") = "Estreya.BlishHUD.BuffReminder", "Estreya.BlishHUD.BuffReminder\Estreya.BlishHUD.BuffReminder.csproj", "{5F6A2E87-C1F4-4B06-941F-5DC59CFA6DBE}"
EndProject
Global
	GlobalSection(SolutionConfigurationPlatforms) = preSolution
		Debug|Any CPU = Debug|Any CPU
		Debug|x64 = Debug|x64
		Release|Any CPU = Release|Any CPU
		Release|x64 = Release|x64
	EndGlobalSection
	GlobalSection(ProjectConfigurationPlatforms) = postSolution
		{761C8939-3381-42C9-B80E-F96FA68DDB96}.Debug|Any CPU.ActiveCfg = Debug|Any CPU
		{761C8939-3381-42C9-B80E-F96FA68DDB96}.Debug|Any CPU.Build.0 = Debug|Any CPU
		{761C8939-3381-42C9-B80E-F96FA68DDB96}.Debug|x64.ActiveCfg = Debug|Any CPU
		{761C8939-3381-42C9-B80E-F96FA68DDB96}.Debug|x64.Build.0 = Debug|Any CPU
		{761C8939-3381-42C9-B80E-F96FA68DDB96}.Release|Any CPU.ActiveCfg = Release|Any CPU
		{761C8939-3381-42C9-B80E-F96FA68DDB96}.Release|Any CPU.Build.0 = Release|Any CPU
		{761C8939-3381-42C9-B80E-F96FA68DDB96}.Release|x64.ActiveCfg = Release|Any CPU
		{761C8939-3381-42C9-B80E-F96FA68DDB96}.Release|x64.Build.0 = Release|Any CPU
		{56562B80-5271-4DA2-A1E5-E8C5AECDA6C0}.Debug|Any CPU.ActiveCfg = Debug|Any CPU
		{56562B80-5271-4DA2-A1E5-E8C5AECDA6C0}.Debug|Any CPU.Build.0 = Debug|Any CPU
		{56562B80-5271-4DA2-A1E5-E8C5AECDA6C0}.Debug|x64.ActiveCfg = Debug|Any CPU
		{56562B80-5271-4DA2-A1E5-E8C5AECDA6C0}.Debug|x64.Build.0 = Debug|Any CPU
		{56562B80-5271-4DA2-A1E5-E8C5AECDA6C0}.Release|Any CPU.ActiveCfg = Release|Any CPU
		{56562B80-5271-4DA2-A1E5-E8C5AECDA6C0}.Release|Any CPU.Build.0 = Release|Any CPU
		{56562B80-5271-4DA2-A1E5-E8C5AECDA6C0}.Release|x64.ActiveCfg = Release|Any CPU
		{56562B80-5271-4DA2-A1E5-E8C5AECDA6C0}.Release|x64.Build.0 = Release|Any CPU
		{0091D360-87B6-490E-8133-F510C502065D}.Debug|Any CPU.ActiveCfg = Debug|Any CPU
		{0091D360-87B6-490E-8133-F510C502065D}.Debug|Any CPU.Build.0 = Debug|Any CPU
		{0091D360-87B6-490E-8133-F510C502065D}.Debug|x64.ActiveCfg = Debug|Any CPU
		{0091D360-87B6-490E-8133-F510C502065D}.Debug|x64.Build.0 = Debug|Any CPU
		{0091D360-87B6-490E-8133-F510C502065D}.Release|Any CPU.ActiveCfg = Release - WIP Features|Any CPU
		{0091D360-87B6-490E-8133-F510C502065D}.Release|Any CPU.Build.0 = Release - WIP Features|Any CPU
		{0091D360-87B6-490E-8133-F510C502065D}.Release|x64.ActiveCfg = Release|Any CPU
		{0091D360-87B6-490E-8133-F510C502065D}.Release|x64.Build.0 = Release|Any CPU
		{413917E8-4CC0-4279-AAF8-7466F554C9DE}.Debug|Any CPU.ActiveCfg = Debug|Any CPU
		{413917E8-4CC0-4279-AAF8-7466F554C9DE}.Debug|Any CPU.Build.0 = Debug|Any CPU
		{413917E8-4CC0-4279-AAF8-7466F554C9DE}.Debug|x64.ActiveCfg = Debug|Any CPU
		{413917E8-4CC0-4279-AAF8-7466F554C9DE}.Debug|x64.Build.0 = Debug|Any CPU
		{413917E8-4CC0-4279-AAF8-7466F554C9DE}.Release|Any CPU.ActiveCfg = Release|Any CPU
		{413917E8-4CC0-4279-AAF8-7466F554C9DE}.Release|Any CPU.Build.0 = Release|Any CPU
		{413917E8-4CC0-4279-AAF8-7466F554C9DE}.Release|x64.ActiveCfg = Release|Any CPU
		{413917E8-4CC0-4279-AAF8-7466F554C9DE}.Release|x64.Build.0 = Release|Any CPU
		{A2961446-BC00-43B4-8935-AA93918D6F36}.Debug|Any CPU.ActiveCfg = Debug|Any CPU
		{A2961446-BC00-43B4-8935-AA93918D6F36}.Debug|Any CPU.Build.0 = Debug|Any CPU
		{A2961446-BC00-43B4-8935-AA93918D6F36}.Debug|x64.ActiveCfg = Debug|Any CPU
		{A2961446-BC00-43B4-8935-AA93918D6F36}.Debug|x64.Build.0 = Debug|Any CPU
		{A2961446-BC00-43B4-8935-AA93918D6F36}.Release|Any CPU.ActiveCfg = Release|Any CPU
		{A2961446-BC00-43B4-8935-AA93918D6F36}.Release|Any CPU.Build.0 = Release|Any CPU
		{A2961446-BC00-43B4-8935-AA93918D6F36}.Release|x64.ActiveCfg = Release|Any CPU
		{A2961446-BC00-43B4-8935-AA93918D6F36}.Release|x64.Build.0 = Release|Any CPU
		{CC021313-361F-40A6-9931-CBFE9F013348}.Debug|Any CPU.ActiveCfg = Debug|Any CPU
		{CC021313-361F-40A6-9931-CBFE9F013348}.Debug|Any CPU.Build.0 = Debug|Any CPU
		{CC021313-361F-40A6-9931-CBFE9F013348}.Debug|x64.ActiveCfg = Debug|Any CPU
		{CC021313-361F-40A6-9931-CBFE9F013348}.Debug|x64.Build.0 = Debug|Any CPU
		{CC021313-361F-40A6-9931-CBFE9F013348}.Release|Any CPU.ActiveCfg = Release|Any CPU
		{CC021313-361F-40A6-9931-CBFE9F013348}.Release|Any CPU.Build.0 = Release|Any CPU
		{CC021313-361F-40A6-9931-CBFE9F013348}.Release|x64.ActiveCfg = Release|Any CPU
		{CC021313-361F-40A6-9931-CBFE9F013348}.Release|x64.Build.0 = Release|Any CPU
		{36715B11-F3A1-485D-8697-6462A85F609D}.Debug|Any CPU.ActiveCfg = Debug|Any CPU
		{36715B11-F3A1-485D-8697-6462A85F609D}.Debug|Any CPU.Build.0 = Debug|Any CPU
		{36715B11-F3A1-485D-8697-6462A85F609D}.Debug|x64.ActiveCfg = Debug|x64
		{36715B11-F3A1-485D-8697-6462A85F609D}.Debug|x64.Build.0 = Debug|x64
		{36715B11-F3A1-485D-8697-6462A85F609D}.Release|Any CPU.ActiveCfg = Release|Any CPU
		{36715B11-F3A1-485D-8697-6462A85F609D}.Release|Any CPU.Build.0 = Release|Any CPU
		{36715B11-F3A1-485D-8697-6462A85F609D}.Release|x64.ActiveCfg = Release|x64
		{36715B11-F3A1-485D-8697-6462A85F609D}.Release|x64.Build.0 = Release|x64
		{A4536EF3-88BB-4DAE-930E-AB37DB2C37F9}.Debug|Any CPU.ActiveCfg = Debug|Any CPU
		{A4536EF3-88BB-4DAE-930E-AB37DB2C37F9}.Debug|Any CPU.Build.0 = Debug|Any CPU
		{A4536EF3-88BB-4DAE-930E-AB37DB2C37F9}.Debug|x64.ActiveCfg = Debug|Any CPU
		{A4536EF3-88BB-4DAE-930E-AB37DB2C37F9}.Debug|x64.Build.0 = Debug|Any CPU
		{A4536EF3-88BB-4DAE-930E-AB37DB2C37F9}.Release|Any CPU.ActiveCfg = Release|Any CPU
		{A4536EF3-88BB-4DAE-930E-AB37DB2C37F9}.Release|Any CPU.Build.0 = Release|Any CPU
		{A4536EF3-88BB-4DAE-930E-AB37DB2C37F9}.Release|x64.ActiveCfg = Release|Any CPU
		{A4536EF3-88BB-4DAE-930E-AB37DB2C37F9}.Release|x64.Build.0 = Release|Any CPU
		{776AE5F6-0902-4BB3-B177-A554D312F4B5}.Debug|Any CPU.ActiveCfg = Debug|Any CPU
		{776AE5F6-0902-4BB3-B177-A554D312F4B5}.Debug|Any CPU.Build.0 = Debug|Any CPU
		{776AE5F6-0902-4BB3-B177-A554D312F4B5}.Debug|x64.ActiveCfg = Debug|Any CPU
		{776AE5F6-0902-4BB3-B177-A554D312F4B5}.Debug|x64.Build.0 = Debug|Any CPU
		{776AE5F6-0902-4BB3-B177-A554D312F4B5}.Release|Any CPU.ActiveCfg = Release|Any CPU
		{776AE5F6-0902-4BB3-B177-A554D312F4B5}.Release|Any CPU.Build.0 = Release|Any CPU
		{776AE5F6-0902-4BB3-B177-A554D312F4B5}.Release|x64.ActiveCfg = Release|Any CPU
		{776AE5F6-0902-4BB3-B177-A554D312F4B5}.Release|x64.Build.0 = Release|Any CPU
		{94DACFCA-B59A-42BD-9166-9975662B70BE}.Debug|Any CPU.ActiveCfg = Debug|Any CPU
		{94DACFCA-B59A-42BD-9166-9975662B70BE}.Debug|Any CPU.Build.0 = Debug|Any CPU
		{94DACFCA-B59A-42BD-9166-9975662B70BE}.Debug|x64.ActiveCfg = Debug|Any CPU
		{94DACFCA-B59A-42BD-9166-9975662B70BE}.Debug|x64.Build.0 = Debug|Any CPU
		{94DACFCA-B59A-42BD-9166-9975662B70BE}.Release|Any CPU.ActiveCfg = Release|Any CPU
		{94DACFCA-B59A-42BD-9166-9975662B70BE}.Release|Any CPU.Build.0 = Release|Any CPU
		{94DACFCA-B59A-42BD-9166-9975662B70BE}.Release|x64.ActiveCfg = Release|Any CPU
		{94DACFCA-B59A-42BD-9166-9975662B70BE}.Release|x64.Build.0 = Release|Any CPU
		{97516C35-E95E-4494-940A-4023DB0C0140}.Debug|Any CPU.ActiveCfg = Debug|Any CPU
		{97516C35-E95E-4494-940A-4023DB0C0140}.Debug|Any CPU.Build.0 = Debug|Any CPU
		{97516C35-E95E-4494-940A-4023DB0C0140}.Debug|x64.ActiveCfg = Debug|Any CPU
		{97516C35-E95E-4494-940A-4023DB0C0140}.Debug|x64.Build.0 = Debug|Any CPU
		{97516C35-E95E-4494-940A-4023DB0C0140}.Release|Any CPU.ActiveCfg = Release|Any CPU
		{97516C35-E95E-4494-940A-4023DB0C0140}.Release|Any CPU.Build.0 = Release|Any CPU
		{97516C35-E95E-4494-940A-4023DB0C0140}.Release|x64.ActiveCfg = Release|Any CPU
		{97516C35-E95E-4494-940A-4023DB0C0140}.Release|x64.Build.0 = Release|Any CPU
		{DC5B6418-CE6E-4014-B9CF-912D506B2563}.Debug|Any CPU.ActiveCfg = Debug|Any CPU
		{DC5B6418-CE6E-4014-B9CF-912D506B2563}.Debug|Any CPU.Build.0 = Debug|Any CPU
		{DC5B6418-CE6E-4014-B9CF-912D506B2563}.Debug|x64.ActiveCfg = Debug|Any CPU
		{DC5B6418-CE6E-4014-B9CF-912D506B2563}.Debug|x64.Build.0 = Debug|Any CPU
		{DC5B6418-CE6E-4014-B9CF-912D506B2563}.Release|Any CPU.ActiveCfg = Release|Any CPU
		{DC5B6418-CE6E-4014-B9CF-912D506B2563}.Release|Any CPU.Build.0 = Release|Any CPU
		{DC5B6418-CE6E-4014-B9CF-912D506B2563}.Release|x64.ActiveCfg = Release|Any CPU
		{DC5B6418-CE6E-4014-B9CF-912D506B2563}.Release|x64.Build.0 = Release|Any CPU
		{F1B517F4-7091-49B6-B76F-F48A01CDC5DA}.Debug|Any CPU.ActiveCfg = Debug|Any CPU
		{F1B517F4-7091-49B6-B76F-F48A01CDC5DA}.Debug|Any CPU.Build.0 = Debug|Any CPU
		{F1B517F4-7091-49B6-B76F-F48A01CDC5DA}.Debug|x64.ActiveCfg = Debug|Any CPU
		{F1B517F4-7091-49B6-B76F-F48A01CDC5DA}.Debug|x64.Build.0 = Debug|Any CPU
		{F1B517F4-7091-49B6-B76F-F48A01CDC5DA}.Release|Any CPU.ActiveCfg = Release|Any CPU
		{F1B517F4-7091-49B6-B76F-F48A01CDC5DA}.Release|Any CPU.Build.0 = Release|Any CPU
		{F1B517F4-7091-49B6-B76F-F48A01CDC5DA}.Release|x64.ActiveCfg = Release|Any CPU
		{F1B517F4-7091-49B6-B76F-F48A01CDC5DA}.Release|x64.Build.0 = Release|Any CPU
		{796E99E8-0983-4861-8900-27C8B8B44A65}.Debug|Any CPU.ActiveCfg = Debug|Any CPU
		{796E99E8-0983-4861-8900-27C8B8B44A65}.Debug|Any CPU.Build.0 = Debug|Any CPU
		{796E99E8-0983-4861-8900-27C8B8B44A65}.Debug|x64.ActiveCfg = Debug|Any CPU
		{796E99E8-0983-4861-8900-27C8B8B44A65}.Debug|x64.Build.0 = Debug|Any CPU
		{796E99E8-0983-4861-8900-27C8B8B44A65}.Release|Any CPU.ActiveCfg = Release|Any CPU
		{796E99E8-0983-4861-8900-27C8B8B44A65}.Release|Any CPU.Build.0 = Release|Any CPU
		{796E99E8-0983-4861-8900-27C8B8B44A65}.Release|x64.ActiveCfg = Release|Any CPU
		{796E99E8-0983-4861-8900-27C8B8B44A65}.Release|x64.Build.0 = Release|Any CPU
		{5F6A2E87-C1F4-4B06-941F-5DC59CFA6DBE}.Debug|Any CPU.ActiveCfg = Debug|Any CPU
		{5F6A2E87-C1F4-4B06-941F-5DC59CFA6DBE}.Debug|Any CPU.Build.0 = Debug|Any CPU
		{5F6A2E87-C1F4-4B06-941F-5DC59CFA6DBE}.Debug|x64.ActiveCfg = Debug|Any CPU
		{5F6A2E87-C1F4-4B06-941F-5DC59CFA6DBE}.Debug|x64.Build.0 = Debug|Any CPU
		{5F6A2E87-C1F4-4B06-941F-5DC59CFA6DBE}.Release|Any CPU.ActiveCfg = Release|Any CPU
		{5F6A2E87-C1F4-4B06-941F-5DC59CFA6DBE}.Release|Any CPU.Build.0 = Release|Any CPU
		{5F6A2E87-C1F4-4B06-941F-5DC59CFA6DBE}.Release|x64.ActiveCfg = Release|Any CPU
		{5F6A2E87-C1F4-4B06-941F-5DC59CFA6DBE}.Release|x64.Build.0 = Release|Any CPU
	EndGlobalSection
	GlobalSection(SolutionProperties) = preSolution
		HideSolutionNode = FALSE
	EndGlobalSection
	GlobalSection(ExtensibilityGlobals) = postSolution
		SolutionGuid = {77DD81A0-608A-41D5-86AF-B291C2AD0858}
	EndGlobalSection
	GlobalSection(SharedMSBuildProjectFiles) = preSolution
		Estreya.BlishHUD.Shared\Estreya.BlishHUD.Shared.projitems*{0091d360-87b6-490e-8133-f510c502065d}*SharedItemsImports = 5
		Estreya.BlishHUD.Shared\Estreya.BlishHUD.Shared.projitems*{36715b11-f3a1-485d-8697-6462a85f609d}*SharedItemsImports = 5
		Estreya.BlishHUD.Shared\Estreya.BlishHUD.Shared.projitems*{413917e8-4cc0-4279-aaf8-7466f554c9de}*SharedItemsImports = 5
		Estreya.BlishHUD.Shared\Estreya.BlishHUD.Shared.projitems*{56562b80-5271-4da2-a1e5-e8c5aecda6c0}*SharedItemsImports = 5
		Estreya.BlishHUD.Shared\Estreya.BlishHUD.Shared.projitems*{59fb4d68-f75f-49d1-8231-ba56266bcbe4}*SharedItemsImports = 13
		Estreya.BlishHUD.Shared\Estreya.BlishHUD.Shared.projitems*{5f6a2e87-c1f4-4b06-941f-5dc59cfa6dbe}*SharedItemsImports = 5
		Estreya.BlishHUD.Shared\Estreya.BlishHUD.Shared.projitems*{761c8939-3381-42c9-b80e-f96fa68ddb96}*SharedItemsImports = 5
		Estreya.BlishHUD.Shared\Estreya.BlishHUD.Shared.projitems*{776ae5f6-0902-4bb3-b177-a554d312f4b5}*SharedItemsImports = 5
		Estreya.BlishHUD.Shared\Estreya.BlishHUD.Shared.projitems*{796e99e8-0983-4861-8900-27c8b8b44a65}*SharedItemsImports = 5
		Estreya.BlishHUD.Shared\Estreya.BlishHUD.Shared.projitems*{94dacfca-b59a-42bd-9166-9975662b70be}*SharedItemsImports = 5
		Estreya.BlishHUD.Shared\Estreya.BlishHUD.Shared.projitems*{97516c35-e95e-4494-940a-4023db0c0140}*SharedItemsImports = 5
		Estreya.BlishHUD.Shared\Estreya.BlishHUD.Shared.projitems*{a2961446-bc00-43b4-8935-aa93918d6f36}*SharedItemsImports = 5
		Estreya.BlishHUD.Shared\Estreya.BlishHUD.Shared.projitems*{a4536ef3-88bb-4dae-930e-ab37db2c37f9}*SharedItemsImports = 5
		Estreya.BlishHUD.Shared\Estreya.BlishHUD.Shared.projitems*{cc021313-361f-40a6-9931-cbfe9f013348}*SharedItemsImports = 5
		Estreya.BlishHUD.Shared\Estreya.BlishHUD.Shared.projitems*{dc5b6418-ce6e-4014-b9cf-912d506b2563}*SharedItemsImports = 5
		Estreya.BlishHUD.Shared\Estreya.BlishHUD.Shared.projitems*{f1b517f4-7091-49b6-b76f-f48a01cdc5da}*SharedItemsImports = 5
	EndGlobalSection
EndGlobal
