
Microsoft Visual Studio Solution File, Format Version 12.00
# Visual Studio Version 17
VisualStudioVersion = 17.2.32526.322
MinimumVisualStudioVersion = 10.0.40219.1
Project("{9A19103F-16F7-4668-BE54-9A1E7A4F7556}") = "Estreya.BlishHUD.TradingPostWatcher", "Estreya.BlishHUD.TradingPostWatcher\Estreya.BlishHUD.TradingPostWatcher.csproj", "{761C8939-3381-42C9-B80E-F96FA68DDB96}"
EndProject
Project("{9A19103F-16F7-4668-BE54-9A1E7A4F7556}") = "Estreya.BlishHUD.ScrollingCombatText", "Estreya.BlishHUD.ScrollingCombatText\Estreya.BlishHUD.ScrollingCombatText.csproj", "{56562B80-5271-4DA2-A1E5-E8C5AECDA6C0}"
EndProject
Project("{9A19103F-16F7-4668-BE54-9A1E7A4F7556}") = "Estreya.BlishHUD.EventTable", "Estreya.BlishHUD.EventTable\Estreya.BlishHUD.EventTable.csproj", "{0091D360-87B6-490E-8133-F510C502065D}"
EndProject
Project("{9A19103F-16F7-4668-BE54-9A1E7A4F7556}") = "Estreya.BlishHUD.LiveMap", "Estreya.BlishHUD.LiveMap\Estreya.BlishHUD.LiveMap.csproj", "{413917E8-4CC0-4279-AAF8-7466F554C9DE}"
EndProject
Project("{D954291E-2A0B-460D-934E-DC6B0785DB48}") = "Estreya.BlishHUD.Shared", "Estreya.BlishHUD.Shared\Estreya.BlishHUD.Shared.shproj", "{59FB4D68-F75F-49D1-8231-BA56266BCBE4}"
EndProject
Project("{9A19103F-16F7-4668-BE54-9A1E7A4F7556}") = "Estreya.BlishHUD.WebhookUpdater", "Estreya.BlishHUD.WebhookUpdater\Estreya.BlishHUD.WebhookUpdater.csproj", "{A2961446-BC00-43B4-8935-AA93918D6F36}"
EndProject
Global
	GlobalSection(SolutionConfigurationPlatforms) = preSolution
		Debug|Any CPU = Debug|Any CPU
		Release|Any CPU = Release|Any CPU
	EndGlobalSection
	GlobalSection(ProjectConfigurationPlatforms) = postSolution
		{761C8939-3381-42C9-B80E-F96FA68DDB96}.Debug|Any CPU.ActiveCfg = Debug|Any CPU
		{761C8939-3381-42C9-B80E-F96FA68DDB96}.Debug|Any CPU.Build.0 = Debug|Any CPU
		{761C8939-3381-42C9-B80E-F96FA68DDB96}.Release|Any CPU.ActiveCfg = Release|Any CPU
		{761C8939-3381-42C9-B80E-F96FA68DDB96}.Release|Any CPU.Build.0 = Release|Any CPU
		{56562B80-5271-4DA2-A1E5-E8C5AECDA6C0}.Debug|Any CPU.ActiveCfg = Debug|Any CPU
		{56562B80-5271-4DA2-A1E5-E8C5AECDA6C0}.Debug|Any CPU.Build.0 = Debug|Any CPU
		{56562B80-5271-4DA2-A1E5-E8C5AECDA6C0}.Release|Any CPU.ActiveCfg = Release|Any CPU
		{56562B80-5271-4DA2-A1E5-E8C5AECDA6C0}.Release|Any CPU.Build.0 = Release|Any CPU
		{0091D360-87B6-490E-8133-F510C502065D}.Debug|Any CPU.ActiveCfg = Debug|Any CPU
		{0091D360-87B6-490E-8133-F510C502065D}.Debug|Any CPU.Build.0 = Debug|Any CPU
		{0091D360-87B6-490E-8133-F510C502065D}.Release|Any CPU.ActiveCfg = Release|Any CPU
		{0091D360-87B6-490E-8133-F510C502065D}.Release|Any CPU.Build.0 = Release|Any CPU
		{413917E8-4CC0-4279-AAF8-7466F554C9DE}.Debug|Any CPU.ActiveCfg = Debug|Any CPU
		{413917E8-4CC0-4279-AAF8-7466F554C9DE}.Debug|Any CPU.Build.0 = Debug|Any CPU
		{413917E8-4CC0-4279-AAF8-7466F554C9DE}.Release|Any CPU.ActiveCfg = Release|Any CPU
		{413917E8-4CC0-4279-AAF8-7466F554C9DE}.Release|Any CPU.Build.0 = Release|Any CPU
		{A2961446-BC00-43B4-8935-AA93918D6F36}.Debug|Any CPU.ActiveCfg = Debug|Any CPU
		{A2961446-BC00-43B4-8935-AA93918D6F36}.Debug|Any CPU.Build.0 = Debug|Any CPU
		{A2961446-BC00-43B4-8935-AA93918D6F36}.Release|Any CPU.ActiveCfg = Release|Any CPU
		{A2961446-BC00-43B4-8935-AA93918D6F36}.Release|Any CPU.Build.0 = Release|Any CPU
	EndGlobalSection
	GlobalSection(SolutionProperties) = preSolution
		HideSolutionNode = FALSE
	EndGlobalSection
	GlobalSection(ExtensibilityGlobals) = postSolution
		SolutionGuid = {77DD81A0-608A-41D5-86AF-B291C2AD0858}
	EndGlobalSection
	GlobalSection(SharedMSBuildProjectFiles) = preSolution
		Estreya.BlishHUD.Shared\Estreya.BlishHUD.Shared.projitems*{0091d360-87b6-490e-8133-f510c502065d}*SharedItemsImports = 5
		Estreya.BlishHUD.Shared\Estreya.BlishHUD.Shared.projitems*{413917e8-4cc0-4279-aaf8-7466f554c9de}*SharedItemsImports = 5
		Estreya.BlishHUD.Shared\Estreya.BlishHUD.Shared.projitems*{56562b80-5271-4da2-a1e5-e8c5aecda6c0}*SharedItemsImports = 5
		Estreya.BlishHUD.Shared\Estreya.BlishHUD.Shared.projitems*{59fb4d68-f75f-49d1-8231-ba56266bcbe4}*SharedItemsImports = 13
		Estreya.BlishHUD.Shared\Estreya.BlishHUD.Shared.projitems*{761c8939-3381-42c9-b80e-f96fa68ddb96}*SharedItemsImports = 5
		Estreya.BlishHUD.Shared\Estreya.BlishHUD.Shared.projitems*{a2961446-bc00-43b4-8935-aa93918d6f36}*SharedItemsImports = 5
	EndGlobalSection
EndGlobal
